
Microsoft Visual Studio Solution File, Format Version 12.00
# Visual Studio Version 16
VisualStudioVersion = 16.0.31702.278
MinimumVisualStudioVersion = 10.0.40219.1
Project("{9A19103F-16F7-4668-BE54-9A1E7A4F7556}") = "NotLinearCancerModel", "NotLinearCancerModel\NotLinearCancerModel.csproj", "{CDAF082F-FD57-456A-A4F7-814FF51B89AA}"
EndProject
Global
	GlobalSection(SolutionConfigurationPlatforms) = preSolution
		Debug|Any CPU = Debug|Any CPU
		Release|Any CPU = Release|Any CPU
	EndGlobalSection
	GlobalSection(ProjectConfigurationPlatforms) = postSolution
		{CDAF082F-FD57-456A-A4F7-814FF51B89AA}.Debug|Any CPU.ActiveCfg = Debug|Any CPU
		{CDAF082F-FD57-456A-A4F7-814FF51B89AA}.Debug|Any CPU.Build.0 = Debug|Any CPU
		{CDAF082F-FD57-456A-A4F7-814FF51B89AA}.Release|Any CPU.ActiveCfg = Release|Any CPU
		{CDAF082F-FD57-456A-A4F7-814FF51B89AA}.Release|Any CPU.Build.0 = Release|Any CPU
	EndGlobalSection
	GlobalSection(SolutionProperties) = preSolution
		HideSolutionNode = FALSE
	EndGlobalSection
	GlobalSection(ExtensibilityGlobals) = postSolution
		SolutionGuid = {AAAD1C30-1AC2-4E70-B9F4-41D0BCC82D1D}
	EndGlobalSection
EndGlobal
